
Microsoft Visual Studio Solution File, Format Version 12.00
# Visual Studio Version 16
VisualStudioVersion = 16.0.31410.357
MinimumVisualStudioVersion = 10.0.40219.1
Project("{9A19103F-16F7-4668-BE54-9A1E7A4F7556}") = "Catalog.Api", "Catalog.Api\Catalog.Api.csproj", "{6A4EFB81-D416-4C2E-B5FE-6BD87F24EA1F}"
EndProject
Global
	GlobalSection(SolutionConfigurationPlatforms) = preSolution
		Debug|Any CPU = Debug|Any CPU
		Release|Any CPU = Release|Any CPU
	EndGlobalSection
	GlobalSection(ProjectConfigurationPlatforms) = postSolution
		{6A4EFB81-D416-4C2E-B5FE-6BD87F24EA1F}.Debug|Any CPU.ActiveCfg = Debug|Any CPU
		{6A4EFB81-D416-4C2E-B5FE-6BD87F24EA1F}.Debug|Any CPU.Build.0 = Debug|Any CPU
		{6A4EFB81-D416-4C2E-B5FE-6BD87F24EA1F}.Release|Any CPU.ActiveCfg = Release|Any CPU
		{6A4EFB81-D416-4C2E-B5FE-6BD87F24EA1F}.Release|Any CPU.Build.0 = Release|Any CPU
	EndGlobalSection
	GlobalSection(SolutionProperties) = preSolution
		HideSolutionNode = FALSE
	EndGlobalSection
	GlobalSection(ExtensibilityGlobals) = postSolution
		SolutionGuid = {CF4D060F-876D-4899-A89D-B0EFC6588F22}
	EndGlobalSection
EndGlobal
